// !$*UTF8*$!
{
	archiveVersion = 1;
	classes = {
	};
	objectVersion = 50;
	objects = {

/* Begin PBXBuildFile section */
		742CC10D243C67C900B6E208 /* AppDelegate.swift in Sources */ = {isa = PBXBuildFile; fileRef = 742CC10C243C67C900B6E208 /* AppDelegate.swift */; };
		742CC10F243C67C900B6E208 /* SceneDelegate.swift in Sources */ = {isa = PBXBuildFile; fileRef = 742CC10E243C67C900B6E208 /* SceneDelegate.swift */; };
		742CC111243C67C900B6E208 /* ViewController.swift in Sources */ = {isa = PBXBuildFile; fileRef = 742CC110243C67C900B6E208 /* ViewController.swift */; };
		742CC114243C67C900B6E208 /* Main.storyboard in Resources */ = {isa = PBXBuildFile; fileRef = 742CC112243C67C900B6E208 /* Main.storyboard */; };
		742CC116243C67CF00B6E208 /* Assets.xcassets in Resources */ = {isa = PBXBuildFile; fileRef = 742CC115243C67CF00B6E208 /* Assets.xcassets */; };
		742CC119243C67CF00B6E208 /* LaunchScreen.storyboard in Resources */ = {isa = PBXBuildFile; fileRef = 742CC117243C67CF00B6E208 /* LaunchScreen.storyboard */; };
		742CC124243C67D000B6E208 /* iHealthNoteTests.swift in Sources */ = {isa = PBXBuildFile; fileRef = 742CC123243C67D000B6E208 /* iHealthNoteTests.swift */; };
		742CC12F243C67D000B6E208 /* iHealthNoteUITests.swift in Sources */ = {isa = PBXBuildFile; fileRef = 742CC12E243C67D000B6E208 /* iHealthNoteUITests.swift */; };
/* End PBXBuildFile section */

/* Begin PBXContainerItemProxy section */
		742CC120243C67D000B6E208 /* PBXContainerItemProxy */ = {
			isa = PBXContainerItemProxy;
			containerPortal = 742CC101243C67C800B6E208 /* Project object */;
			proxyType = 1;
			remoteGlobalIDString = 742CC108243C67C800B6E208;
			remoteInfo = iHealthNote;
		};
		742CC12B243C67D000B6E208 /* PBXContainerItemProxy */ = {
			isa = PBXContainerItemProxy;
			containerPortal = 742CC101243C67C800B6E208 /* Project object */;
			proxyType = 1;
			remoteGlobalIDString = 742CC108243C67C800B6E208;
			remoteInfo = iHealthNote;
		};
/* End PBXContainerItemProxy section */

/* Begin PBXFileReference section */
		742CC109243C67C900B6E208 /* iHealthNote.app */ = {isa = PBXFileReference; explicitFileType = wrapper.application; includeInIndex = 0; path = iHealthNote.app; sourceTree = BUILT_PRODUCTS_DIR; };
		742CC10C243C67C900B6E208 /* AppDelegate.swift */ = {isa = PBXFileReference; lastKnownFileType = sourcecode.swift; path = AppDelegate.swift; sourceTree = "<group>"; };
		742CC10E243C67C900B6E208 /* SceneDelegate.swift */ = {isa = PBXFileReference; lastKnownFileType = sourcecode.swift; path = SceneDelegate.swift; sourceTree = "<group>"; };
		742CC110243C67C900B6E208 /* ViewController.swift */ = {isa = PBXFileReference; lastKnownFileType = sourcecode.swift; path = ViewController.swift; sourceTree = "<group>"; };
		742CC113243C67C900B6E208 /* Base */ = {isa = PBXFileReference; lastKnownFileType = file.storyboard; name = Base; path = Base.lproj/Main.storyboard; sourceTree = "<group>"; };
		742CC115243C67CF00B6E208 /* Assets.xcassets */ = {isa = PBXFileReference; lastKnownFileType = folder.assetcatalog; path = Assets.xcassets; sourceTree = "<group>"; };
		742CC118243C67CF00B6E208 /* Base */ = {isa = PBXFileReference; lastKnownFileType = file.storyboard; name = Base; path = Base.lproj/LaunchScreen.storyboard; sourceTree = "<group>"; };
		742CC11A243C67CF00B6E208 /* Info.plist */ = {isa = PBXFileReference; lastKnownFileType = text.plist.xml; path = Info.plist; sourceTree = "<group>"; };
		742CC11F243C67D000B6E208 /* iHealthNoteTests.xctest */ = {isa = PBXFileReference; explicitFileType = wrapper.cfbundle; includeInIndex = 0; path = iHealthNoteTests.xctest; sourceTree = BUILT_PRODUCTS_DIR; };
		742CC123243C67D000B6E208 /* iHealthNoteTests.swift */ = {isa = PBXFileReference; lastKnownFileType = sourcecode.swift; path = iHealthNoteTests.swift; sourceTree = "<group>"; };
		742CC125243C67D000B6E208 /* Info.plist */ = {isa = PBXFileReference; lastKnownFileType = text.plist.xml; path = Info.plist; sourceTree = "<group>"; };
		742CC12A243C67D000B6E208 /* iHealthNoteUITests.xctest */ = {isa = PBXFileReference; explicitFileType = wrapper.cfbundle; includeInIndex = 0; path = iHealthNoteUITests.xctest; sourceTree = BUILT_PRODUCTS_DIR; };
		742CC12E243C67D000B6E208 /* iHealthNoteUITests.swift */ = {isa = PBXFileReference; lastKnownFileType = sourcecode.swift; path = iHealthNoteUITests.swift; sourceTree = "<group>"; };
		742CC130243C67D000B6E208 /* Info.plist */ = {isa = PBXFileReference; lastKnownFileType = text.plist.xml; path = Info.plist; sourceTree = "<group>"; };
/* End PBXFileReference section */

/* Begin PBXFrameworksBuildPhase section */
		742CC106243C67C800B6E208 /* Frameworks */ = {
			isa = PBXFrameworksBuildPhase;
			buildActionMask = 2147483647;
			files = (
			);
			runOnlyForDeploymentPostprocessing = 0;
		};
		742CC11C243C67D000B6E208 /* Frameworks */ = {
			isa = PBXFrameworksBuildPhase;
			buildActionMask = 2147483647;
			files = (
			);
			runOnlyForDeploymentPostprocessing = 0;
		};
		742CC127243C67D000B6E208 /* Frameworks */ = {
			isa = PBXFrameworksBuildPhase;
			buildActionMask = 2147483647;
			files = (
			);
			runOnlyForDeploymentPostprocessing = 0;
		};
/* End PBXFrameworksBuildPhase section */

/* Begin PBXGroup section */
		742CC100243C67C800B6E208 = {
			isa = PBXGroup;
			children = (
				742CC10B243C67C900B6E208 /* iHealthNote */,
				742CC122243C67D000B6E208 /* iHealthNoteTests */,
				742CC12D243C67D000B6E208 /* iHealthNoteUITests */,
				742CC10A243C67C900B6E208 /* Products */,
			);
			sourceTree = "<group>";
		};
		742CC10A243C67C900B6E208 /* Products */ = {
			isa = PBXGroup;
			children = (
				742CC109243C67C900B6E208 /* iHealthNote.app */,
				742CC11F243C67D000B6E208 /* iHealthNoteTests.xctest */,
				742CC12A243C67D000B6E208 /* iHealthNoteUITests.xctest */,
			);
			name = Products;
			sourceTree = "<group>";
		};
		742CC10B243C67C900B6E208 /* iHealthNote */ = {
			isa = PBXGroup;
			children = (
				742CC10C243C67C900B6E208 /* AppDelegate.swift */,
				742CC10E243C67C900B6E208 /* SceneDelegate.swift */,
				742CC110243C67C900B6E208 /* ViewController.swift */,
				742CC112243C67C900B6E208 /* Main.storyboard */,
				742CC115243C67CF00B6E208 /* Assets.xcassets */,
				742CC117243C67CF00B6E208 /* LaunchScreen.storyboard */,
				742CC11A243C67CF00B6E208 /* Info.plist */,
			);
			path = iHealthNote;
			sourceTree = "<group>";
		};
		742CC122243C67D000B6E208 /* iHealthNoteTests */ = {
			isa = PBXGroup;
			children = (
				742CC123243C67D000B6E208 /* iHealthNoteTests.swift */,
				742CC125243C67D000B6E208 /* Info.plist */,
			);
			path = iHealthNoteTests;
			sourceTree = "<group>";
		};
		742CC12D243C67D000B6E208 /* iHealthNoteUITests */ = {
			isa = PBXGroup;
			children = (
				742CC12E243C67D000B6E208 /* iHealthNoteUITests.swift */,
				742CC130243C67D000B6E208 /* Info.plist */,
			);
			path = iHealthNoteUITests;
			sourceTree = "<group>";
		};
/* End PBXGroup section */

/* Begin PBXNativeTarget section */
		742CC108243C67C800B6E208 /* iHealthNote */ = {
			isa = PBXNativeTarget;
			buildConfigurationList = 742CC133243C67D000B6E208 /* Build configuration list for PBXNativeTarget "iHealthNote" */;
			buildPhases = (
				742CC105243C67C800B6E208 /* Sources */,
				742CC106243C67C800B6E208 /* Frameworks */,
				742CC107243C67C800B6E208 /* Resources */,
			);
			buildRules = (
			);
			dependencies = (
			);
			name = iHealthNote;
			productName = iHealthNote;
			productReference = 742CC109243C67C900B6E208 /* iHealthNote.app */;
			productType = "com.apple.product-type.application";
		};
		742CC11E243C67D000B6E208 /* iHealthNoteTests */ = {
			isa = PBXNativeTarget;
			buildConfigurationList = 742CC136243C67D000B6E208 /* Build configuration list for PBXNativeTarget "iHealthNoteTests" */;
			buildPhases = (
				742CC11B243C67D000B6E208 /* Sources */,
				742CC11C243C67D000B6E208 /* Frameworks */,
				742CC11D243C67D000B6E208 /* Resources */,
			);
			buildRules = (
			);
			dependencies = (
				742CC121243C67D000B6E208 /* PBXTargetDependency */,
			);
			name = iHealthNoteTests;
			productName = iHealthNoteTests;
			productReference = 742CC11F243C67D000B6E208 /* iHealthNoteTests.xctest */;
			productType = "com.apple.product-type.bundle.unit-test";
		};
		742CC129243C67D000B6E208 /* iHealthNoteUITests */ = {
			isa = PBXNativeTarget;
			buildConfigurationList = 742CC139243C67D000B6E208 /* Build configuration list for PBXNativeTarget "iHealthNoteUITests" */;
			buildPhases = (
				742CC126243C67D000B6E208 /* Sources */,
				742CC127243C67D000B6E208 /* Frameworks */,
				742CC128243C67D000B6E208 /* Resources */,
			);
			buildRules = (
			);
			dependencies = (
				742CC12C243C67D000B6E208 /* PBXTargetDependency */,
			);
			name = iHealthNoteUITests;
			productName = iHealthNoteUITests;
			productReference = 742CC12A243C67D000B6E208 /* iHealthNoteUITests.xctest */;
			productType = "com.apple.product-type.bundle.ui-testing";
		};
/* End PBXNativeTarget section */

/* Begin PBXProject section */
		742CC101243C67C800B6E208 /* Project object */ = {
			isa = PBXProject;
			attributes = {
				LastSwiftUpdateCheck = 1140;
				LastUpgradeCheck = 1140;
				ORGANIZATIONNAME = ntust08;
				TargetAttributes = {
					742CC108243C67C800B6E208 = {
						CreatedOnToolsVersion = 11.4;
					};
					742CC11E243C67D000B6E208 = {
						CreatedOnToolsVersion = 11.4;
						TestTargetID = 742CC108243C67C800B6E208;
					};
					742CC129243C67D000B6E208 = {
						CreatedOnToolsVersion = 11.4;
						TestTargetID = 742CC108243C67C800B6E208;
					};
				};
			};
			buildConfigurationList = 742CC104243C67C800B6E208 /* Build configuration list for PBXProject "iHealthNote" */;
			compatibilityVersion = "Xcode 9.3";
			developmentRegion = en;
			hasScannedForEncodings = 0;
			knownRegions = (
				en,
				Base,
			);
			mainGroup = 742CC100243C67C800B6E208;
			productRefGroup = 742CC10A243C67C900B6E208 /* Products */;
			projectDirPath = "";
			projectRoot = "";
			targets = (
				742CC108243C67C800B6E208 /* iHealthNote */,
				742CC11E243C67D000B6E208 /* iHealthNoteTests */,
				742CC129243C67D000B6E208 /* iHealthNoteUITests */,
			);
		};
/* End PBXProject section */

/* Begin PBXResourcesBuildPhase section */
		742CC107243C67C800B6E208 /* Resources */ = {
			isa = PBXResourcesBuildPhase;
			buildActionMask = 2147483647;
			files = (
				742CC119243C67CF00B6E208 /* LaunchScreen.storyboard in Resources */,
				742CC116243C67CF00B6E208 /* Assets.xcassets in Resources */,
				742CC114243C67C900B6E208 /* Main.storyboard in Resources */,
			);
			runOnlyForDeploymentPostprocessing = 0;
		};
		742CC11D243C67D000B6E208 /* Resources */ = {
			isa = PBXResourcesBuildPhase;
			buildActionMask = 2147483647;
			files = (
			);
			runOnlyForDeploymentPostprocessing = 0;
		};
		742CC128243C67D000B6E208 /* Resources */ = {
			isa = PBXResourcesBuildPhase;
			buildActionMask = 2147483647;
			files = (
			);
			runOnlyForDeploymentPostprocessing = 0;
		};
/* End PBXResourcesBuildPhase section */

/* Begin PBXSourcesBuildPhase section */
		742CC105243C67C800B6E208 /* Sources */ = {
			isa = PBXSourcesBuildPhase;
			buildActionMask = 2147483647;
			files = (
				742CC111243C67C900B6E208 /* ViewController.swift in Sources */,
				742CC10D243C67C900B6E208 /* AppDelegate.swift in Sources */,
				742CC10F243C67C900B6E208 /* SceneDelegate.swift in Sources */,
			);
			runOnlyForDeploymentPostprocessing = 0;
		};
		742CC11B243C67D000B6E208 /* Sources */ = {
			isa = PBXSourcesBuildPhase;
			buildActionMask = 2147483647;
			files = (
				742CC124243C67D000B6E208 /* iHealthNoteTests.swift in Sources */,
			);
			runOnlyForDeploymentPostprocessing = 0;
		};
		742CC126243C67D000B6E208 /* Sources */ = {
			isa = PBXSourcesBuildPhase;
			buildActionMask = 2147483647;
			files = (
				742CC12F243C67D000B6E208 /* iHealthNoteUITests.swift in Sources */,
			);
			runOnlyForDeploymentPostprocessing = 0;
		};
/* End PBXSourcesBuildPhase section */

/* Begin PBXTargetDependency section */
		742CC121243C67D000B6E208 /* PBXTargetDependency */ = {
			isa = PBXTargetDependency;
			target = 742CC108243C67C800B6E208 /* iHealthNote */;
			targetProxy = 742CC120243C67D000B6E208 /* PBXContainerItemProxy */;
		};
		742CC12C243C67D000B6E208 /* PBXTargetDependency */ = {
			isa = PBXTargetDependency;
			target = 742CC108243C67C800B6E208 /* iHealthNote */;
			targetProxy = 742CC12B243C67D000B6E208 /* PBXContainerItemProxy */;
		};
/* End PBXTargetDependency section */

/* Begin PBXVariantGroup section */
		742CC112243C67C900B6E208 /* Main.storyboard */ = {
			isa = PBXVariantGroup;
			children = (
				742CC113243C67C900B6E208 /* Base */,
			);
			name = Main.storyboard;
			sourceTree = "<group>";
		};
		742CC117243C67CF00B6E208 /* LaunchScreen.storyboard */ = {
			isa = PBXVariantGroup;
			children = (
				742CC118243C67CF00B6E208 /* Base */,
			);
			name = LaunchScreen.storyboard;
			sourceTree = "<group>";
		};
/* End PBXVariantGroup section */

/* Begin XCBuildConfiguration section */
		742CC131243C67D000B6E208 /* Debug */ = {
			isa = XCBuildConfiguration;
			buildSettings = {
				ALWAYS_SEARCH_USER_PATHS = NO;
				CLANG_ANALYZER_NONNULL = YES;
				CLANG_ANALYZER_NUMBER_OBJECT_CONVERSION = YES_AGGRESSIVE;
				CLANG_CXX_LANGUAGE_STANDARD = "gnu++14";
				CLANG_CXX_LIBRARY = "libc++";
				CLANG_ENABLE_MODULES = YES;
				CLANG_ENABLE_OBJC_ARC = YES;
				CLANG_ENABLE_OBJC_WEAK = YES;
				CLANG_WARN_BLOCK_CAPTURE_AUTORELEASING = YES;
				CLANG_WARN_BOOL_CONVERSION = YES;
				CLANG_WARN_COMMA = YES;
				CLANG_WARN_CONSTANT_CONVERSION = YES;
				CLANG_WARN_DEPRECATED_OBJC_IMPLEMENTATIONS = YES;
				CLANG_WARN_DIRECT_OBJC_ISA_USAGE = YES_ERROR;
				CLANG_WARN_DOCUMENTATION_COMMENTS = YES;
				CLANG_WARN_EMPTY_BODY = YES;
				CLANG_WARN_ENUM_CONVERSION = YES;
				CLANG_WARN_INFINITE_RECURSION = YES;
				CLANG_WARN_INT_CONVERSION = YES;
				CLANG_WARN_NON_LITERAL_NULL_CONVERSION = YES;
				CLANG_WARN_OBJC_IMPLICIT_RETAIN_SELF = YES;
				CLANG_WARN_OBJC_LITERAL_CONVERSION = YES;
				CLANG_WARN_OBJC_ROOT_CLASS = YES_ERROR;
				CLANG_WARN_RANGE_LOOP_ANALYSIS = YES;
				CLANG_WARN_STRICT_PROTOTYPES = YES;
				CLANG_WARN_SUSPICIOUS_MOVE = YES;
				CLANG_WARN_UNGUARDED_AVAILABILITY = YES_AGGRESSIVE;
				CLANG_WARN_UNREACHABLE_CODE = YES;
				CLANG_WARN__DUPLICATE_METHOD_MATCH = YES;
				COPY_PHASE_STRIP = NO;
				DEBUG_INFORMATION_FORMAT = dwarf;
				ENABLE_STRICT_OBJC_MSGSEND = YES;
				ENABLE_TESTABILITY = YES;
				GCC_C_LANGUAGE_STANDARD = gnu11;
				GCC_DYNAMIC_NO_PIC = NO;
				GCC_NO_COMMON_BLOCKS = YES;
				GCC_OPTIMIZATION_LEVEL = 0;
				GCC_PREPROCESSOR_DEFINITIONS = (
					"DEBUG=1",
					"$(inherited)",
				);
				GCC_WARN_64_TO_32_BIT_CONVERSION = YES;
				GCC_WARN_ABOUT_RETURN_TYPE = YES_ERROR;
				GCC_WARN_UNDECLARED_SELECTOR = YES;
				GCC_WARN_UNINITIALIZED_AUTOS = YES_AGGRESSIVE;
				GCC_WARN_UNUSED_FUNCTION = YES;
				GCC_WARN_UNUSED_VARIABLE = YES;
				IPHONEOS_DEPLOYMENT_TARGET = 13.4;
				MTL_ENABLE_DEBUG_INFO = INCLUDE_SOURCE;
				MTL_FAST_MATH = YES;
				ONLY_ACTIVE_ARCH = YES;
				SDKROOT = iphoneos;
				SWIFT_ACTIVE_COMPILATION_CONDITIONS = DEBUG;
				SWIFT_OPTIMIZATION_LEVEL = "-Onone";
			};
			name = Debug;
		};
		742CC132243C67D000B6E208 /* Release */ = {
			isa = XCBuildConfiguration;
			buildSettings = {
				ALWAYS_SEARCH_USER_PATHS = NO;
				CLANG_ANALYZER_NONNULL = YES;
				CLANG_ANALYZER_NUMBER_OBJECT_CONVERSION = YES_AGGRESSIVE;
				CLANG_CXX_LANGUAGE_STANDARD = "gnu++14";
				CLANG_CXX_LIBRARY = "libc++";
				CLANG_ENABLE_MODULES = YES;
				CLANG_ENABLE_OBJC_ARC = YES;
				CLANG_ENABLE_OBJC_WEAK = YES;
				CLANG_WARN_BLOCK_CAPTURE_AUTORELEASING = YES;
				CLANG_WARN_BOOL_CONVERSION = YES;
				CLANG_WARN_COMMA = YES;
				CLANG_WARN_CONSTANT_CONVERSION = YES;
				CLANG_WARN_DEPRECATED_OBJC_IMPLEMENTATIONS = YES;
				CLANG_WARN_DIRECT_OBJC_ISA_USAGE = YES_ERROR;
				CLANG_WARN_DOCUMENTATION_COMMENTS = YES;
				CLANG_WARN_EMPTY_BODY = YES;
				CLANG_WARN_ENUM_CONVERSION = YES;
				CLANG_WARN_INFINITE_RECURSION = YES;
				CLANG_WARN_INT_CONVERSION = YES;
				CLANG_WARN_NON_LITERAL_NULL_CONVERSION = YES;
				CLANG_WARN_OBJC_IMPLICIT_RETAIN_SELF = YES;
				CLANG_WARN_OBJC_LITERAL_CONVERSION = YES;
				CLANG_WARN_OBJC_ROOT_CLASS = YES_ERROR;
				CLANG_WARN_RANGE_LOOP_ANALYSIS = YES;
				CLANG_WARN_STRICT_PROTOTYPES = YES;
				CLANG_WARN_SUSPICIOUS_MOVE = YES;
				CLANG_WARN_UNGUARDED_AVAILABILITY = YES_AGGRESSIVE;
				CLANG_WARN_UNREACHABLE_CODE = YES;
				CLANG_WARN__DUPLICATE_METHOD_MATCH = YES;
				COPY_PHASE_STRIP = NO;
				DEBUG_INFORMATION_FORMAT = "dwarf-with-dsym";
				ENABLE_NS_ASSERTIONS = NO;
				ENABLE_STRICT_OBJC_MSGSEND = YES;
				GCC_C_LANGUAGE_STANDARD = gnu11;
				GCC_NO_COMMON_BLOCKS = YES;
				GCC_WARN_64_TO_32_BIT_CONVERSION = YES;
				GCC_WARN_ABOUT_RETURN_TYPE = YES_ERROR;
				GCC_WARN_UNDECLARED_SELECTOR = YES;
				GCC_WARN_UNINITIALIZED_AUTOS = YES_AGGRESSIVE;
				GCC_WARN_UNUSED_FUNCTION = YES;
				GCC_WARN_UNUSED_VARIABLE = YES;
				IPHONEOS_DEPLOYMENT_TARGET = 13.4;
				MTL_ENABLE_DEBUG_INFO = NO;
				MTL_FAST_MATH = YES;
				SDKROOT = iphoneos;
				SWIFT_COMPILATION_MODE = wholemodule;
				SWIFT_OPTIMIZATION_LEVEL = "-O";
				VALIDATE_PRODUCT = YES;
			};
			name = Release;
		};
		742CC134243C67D000B6E208 /* Debug */ = {
			isa = XCBuildConfiguration;
			buildSettings = {
				ASSETCATALOG_COMPILER_APPICON_NAME = AppIcon;
				CODE_SIGN_STYLE = Automatic;
				INFOPLIST_FILE = iHealthNote/Info.plist;
				LD_RUNPATH_SEARCH_PATHS = (
					"$(inherited)",
					"@executable_path/Frameworks",
				);
				PRODUCT_BUNDLE_IDENTIFIER = idv.liddle.iHealthNote;
				PRODUCT_NAME = "$(TARGET_NAME)";
				SWIFT_VERSION = 5.0;
				TARGETED_DEVICE_FAMILY = "1,2";
			};
			name = Debug;
		};
		742CC135243C67D000B6E208 /* Release */ = {
			isa = XCBuildConfiguration;
			buildSettings = {
				ASSETCATALOG_COMPILER_APPICON_NAME = AppIcon;
				CODE_SIGN_STYLE = Automatic;
				INFOPLIST_FILE = iHealthNote/Info.plist;
				LD_RUNPATH_SEARCH_PATHS = (
					"$(inherited)",
					"@executable_path/Frameworks",
				);
				PRODUCT_BUNDLE_IDENTIFIER = idv.liddle.iHealthNote;
				PRODUCT_NAME = "$(TARGET_NAME)";
				SWIFT_VERSION = 5.0;
				TARGETED_DEVICE_FAMILY = "1,2";
			};
			name = Release;
		};
		742CC137243C67D000B6E208 /* Debug */ = {
			isa = XCBuildConfiguration;
			buildSettings = {
				ALWAYS_EMBED_SWIFT_STANDARD_LIBRARIES = YES;
				BUNDLE_LOADER = "$(TEST_HOST)";
				CODE_SIGN_STYLE = Automatic;
				INFOPLIST_FILE = iHealthNoteTests/Info.plist;
				IPHONEOS_DEPLOYMENT_TARGET = 13.4;
				LD_RUNPATH_SEARCH_PATHS = (
					"$(inherited)",
					"@executable_path/Frameworks",
					"@loader_path/Frameworks",
				);
				PRODUCT_BUNDLE_IDENTIFIER = idv.liddle.iHealthNoteTests;
				PRODUCT_NAME = "$(TARGET_NAME)";
				SWIFT_VERSION = 5.0;
				TARGETED_DEVICE_FAMILY = "1,2";
				TEST_HOST = "$(BUILT_PRODUCTS_DIR)/iHealthNote.app/iHealthNote";
			};
			name = Debug;
		};
		742CC138243C67D000B6E208 /* Release */ = {
			isa = XCBuildConfiguration;
			buildSettings = {
				ALWAYS_EMBED_SWIFT_STANDARD_LIBRARIES = YES;
				BUNDLE_LOADER = "$(TEST_HOST)";
				CODE_SIGN_STYLE = Automatic;
				INFOPLIST_FILE = iHealthNoteTests/Info.plist;
				IPHONEOS_DEPLOYMENT_TARGET = 13.4;
				LD_RUNPATH_SEARCH_PATHS = (
					"$(inherited)",
					"@executable_path/Frameworks",
					"@loader_path/Frameworks",
				);
				PRODUCT_BUNDLE_IDENTIFIER = idv.liddle.iHealthNoteTests;
				PRODUCT_NAME = "$(TARGET_NAME)";
				SWIFT_VERSION = 5.0;
				TARGETED_DEVICE_FAMILY = "1,2";
				TEST_HOST = "$(BUILT_PRODUCTS_DIR)/iHealthNote.app/iHealthNote";
			};
			name = Release;
		};
		742CC13A243C67D000B6E208 /* Debug */ = {
			isa = XCBuildConfiguration;
			buildSettings = {
				ALWAYS_EMBED_SWIFT_STANDARD_LIBRARIES = YES;
				CODE_SIGN_STYLE = Automatic;
				INFOPLIST_FILE = iHealthNoteUITests/Info.plist;
				LD_RUNPATH_SEARCH_PATHS = (
					"$(inherited)",
					"@executable_path/Frameworks",
					"@loader_path/Frameworks",
				);
				PRODUCT_BUNDLE_IDENTIFIER = idv.liddle.iHealthNoteUITests;
				PRODUCT_NAME = "$(TARGET_NAME)";
				SWIFT_VERSION = 5.0;
				TARGETED_DEVICE_FAMILY = "1,2";
				TEST_TARGET_NAME = iHealthNote;
			};
			name = Debug;
		};
		742CC13B243C67D000B6E208 /* Release */ = {
			isa = XCBuildConfiguration;
			buildSettings = {
				ALWAYS_EMBED_SWIFT_STANDARD_LIBRARIES = YES;
				CODE_SIGN_STYLE = Automatic;
				INFOPLIST_FILE = iHealthNoteUITests/Info.plist;
				LD_RUNPATH_SEARCH_PATHS = (
					"$(inherited)",
					"@executable_path/Frameworks",
					"@loader_path/Frameworks",
				);
				PRODUCT_BUNDLE_IDENTIFIER = idv.liddle.iHealthNoteUITests;
				PRODUCT_NAME = "$(TARGET_NAME)";
				SWIFT_VERSION = 5.0;
				TARGETED_DEVICE_FAMILY = "1,2";
				TEST_TARGET_NAME = iHealthNote;
			};
			name = Release;
		};
/* End XCBuildConfiguration section */

/* Begin XCConfigurationList section */
		742CC104243C67C800B6E208 /* Build configuration list for PBXProject "iHealthNote" */ = {
			isa = XCConfigurationList;
			buildConfigurations = (
				742CC131243C67D000B6E208 /* Debug */,
				742CC132243C67D000B6E208 /* Release */,
			);
			defaultConfigurationIsVisible = 0;
			defaultConfigurationName = Release;
		};
		742CC133243C67D000B6E208 /* Build configuration list for PBXNativeTarget "iHealthNote" */ = {
			isa = XCConfigurationList;
			buildConfigurations = (
				742CC134243C67D000B6E208 /* Debug */,
				742CC135243C67D000B6E208 /* Release */,
			);
			defaultConfigurationIsVisible = 0;
			defaultConfigurationName = Release;
		};
		742CC136243C67D000B6E208 /* Build configuration list for PBXNativeTarget "iHealthNoteTests" */ = {
			isa = XCConfigurationList;
			buildConfigurations = (
				742CC137243C67D000B6E208 /* Debug */,
				742CC138243C67D000B6E208 /* Release */,
			);
			defaultConfigurationIsVisible = 0;
			defaultConfigurationName = Release;
		};
		742CC139243C67D000B6E208 /* Build configuration list for PBXNativeTarget "iHealthNoteUITests" */ = {
			isa = XCConfigurationList;
			buildConfigurations = (
				742CC13A243C67D000B6E208 /* Debug */,
				742CC13B243C67D000B6E208 /* Release */,
			);
			defaultConfigurationIsVisible = 0;
			defaultConfigurationName = Release;
		};
/* End XCConfigurationList section */
	};
	rootObject = 742CC101243C67C800B6E208 /* Project object */;
}
